<?xml version="1.0" encoding="utf-8"?>
<Project ToolsVersion="4.0" xmlns="http://schemas.microsoft.com/developer/msbuild/2003">
  <ItemGroup>
    <ClCompile Include="stdafx.cpp" />
    <ClCompile Include="file\FileInfo.cpp">
      <Filter>files</Filter>
    </ClCompile>
    <ClCompile Include="file\FileUtils.cpp">
      <Filter>files</Filter>
    </ClCompile>
    <ClCompile Include="utils\DateTimeUtils.cpp">
      <Filter>utils</Filter>
    </ClCompile>
    <ClCompile Include="utils\DlgGetFileName.cpp">
      <Filter>utils</Filter>
    </ClCompile>
    <ClCompile Include="utils\FormatSettings.cpp">
      <Filter>utils</Filter>
    </ClCompile>
    <ClCompile Include="utils\SHFolders.cpp">
      <Filter>utils</Filter>
    </ClCompile>
    <ClCompile Include="ldapp\LdNamedPipe.cpp">
      <Filter>ldapp</Filter>
    </ClCompile>
    <ClCompile Include="ldapp\PulicRoutimes.cpp">
      <Filter>ldapp</Filter>
    </ClCompile>
    <ClCompile Include="classes\LdDriver.cpp">
      <Filter>classes</Filter>
    </ClCompile>
    <ClCompile Include="classes\LdString.cpp">
      <Filter>classes</Filter>
    </ClCompile>
    <ClCompile Include="classes\Thread.cpp">
      <Filter>classes</Filter>
    </ClCompile>
    <ClCompile Include="volume\FatUtils.cpp">
      <Filter>volume</Filter>
    </ClCompile>
    <ClCompile Include="volume\NtfsUtils.cpp">
      <Filter>volume</Filter>
    </ClCompile>
    <ClCompile Include="volume\VolumeInfo.cpp">
      <Filter>volume</Filter>
    </ClCompile>
    <ClCompile Include="volume\VolumeUtils.cpp">
      <Filter>volume</Filter>
    </ClCompile>
    <ClCompile Include="ldapp\Ldbrary.cpp">
      <Filter>ldapp</Filter>
    </ClCompile>
    <ClCompile Include="ldapp\LdApp.cpp">
      <Filter>ldapp</Filter>
    </ClCompile>
    <ClCompile Include="ldapp\LdConfig.cpp">
      <Filter>ldapp</Filter>
    </ClCompile>
  </ItemGroup>
  <ItemGroup>
    <ClInclude Include="LdLib.h" />
    <ClInclude Include="stdafx.h" />
    <ClInclude Include="targetver.h" />
    <ClInclude Include="file\FileInfo.h">
      <Filter>files</Filter>
    </ClInclude>
    <ClInclude Include="file\FileUtils.h">
      <Filter>files</Filter>
    </ClInclude>
    <ClInclude Include="utils\DateTimeUtils.h">
      <Filter>utils</Filter>
    </ClInclude>
    <ClInclude Include="utils\DlgGetFileName.h">
      <Filter>utils</Filter>
    </ClInclude>
    <ClInclude Include="utils\FormatSettings.h">
      <Filter>utils</Filter>
    </ClInclude>
    <ClInclude Include="utils\SHFolders.h">
      <Filter>utils</Filter>
    </ClInclude>
    <ClInclude Include="ldapp\LdNamedPipe.h">
      <Filter>ldapp</Filter>
    </ClInclude>
    <ClInclude Include="ldapp\LdStructs.h">
      <Filter>ldapp</Filter>
    </ClInclude>
    <ClInclude Include="ldapp\PublicRoutimes.h">
      <Filter>ldapp</Filter>
    </ClInclude>
    <ClInclude Include="classes\LdArray.h">
      <Filter>classes</Filter>
    </ClInclude>
    <ClInclude Include="classes\LdDriver.h">
      <Filter>classes</Filter>
    </ClInclude>
    <ClInclude Include="classes\LdList.h">
      <Filter>classes</Filter>
    </ClInclude>
    <ClInclude Include="classes\LdMap.h">
      <Filter>classes</Filter>
    </ClInclude>
    <ClInclude Include="classes\LdString.h">
      <Filter>classes</Filter>
    </ClInclude>
    <ClInclude Include="classes\LdTree.h">
      <Filter>classes</Filter>
    </ClInclude>
    <ClInclude Include="classes\Thread.h">
      <Filter>classes</Filter>
    </ClInclude>
    <ClInclude Include="volume\Fat.h">
      <Filter>volume</Filter>
    </ClInclude>
    <ClInclude Include="volume\FatUtils.h">
      <Filter>volume</Filter>
    </ClInclude>
    <ClInclude Include="volume\ntfs.h">
      <Filter>volume</Filter>
    </ClInclude>
    <ClInclude Include="volume\NtfsUtils.h">
      <Filter>volume</Filter>
    </ClInclude>
    <ClInclude Include="volume\VolumeInfo.h">
      <Filter>volume</Filter>
    </ClInclude>
    <ClInclude Include="volume\VolumeUtils.h">
      <Filter>volume</Filter>
    </ClInclude>
    <ClInclude Include="ldapp\Ldbrary.h">
      <Filter>ldapp</Filter>
    </ClInclude>
    <ClInclude Include="ldapp\LdApp.h">
      <Filter>ldapp</Filter>
    </ClInclude>
    <ClInclude Include="ldapp\LdConfig.h">
      <Filter>ldapp</Filter>
    </ClInclude>
  </ItemGroup>
  <ItemGroup>
    <Filter Include="files">
      <UniqueIdentifier>{3112c00b-5bdd-49ad-8319-61f1be2caf64}</UniqueIdentifier>
    </Filter>
    <Filter Include="utils">
      <UniqueIdentifier>{ee9693b2-74c6-4e59-941a-2bfb6330c538}</UniqueIdentifier>
    </Filter>
    <Filter Include="ldapp">
      <UniqueIdentifier>{9084f05a-c897-4594-a3df-c53ebeb4be6d}</UniqueIdentifier>
    </Filter>
    <Filter Include="classes">
      <UniqueIdentifier>{98ff1b42-62d1-4062-9914-259d35faff37}</UniqueIdentifier>
    </Filter>
    <Filter Include="volume">
      <UniqueIdentifier>{2dba6579-275d-404d-9b5b-c71c4814df11}</UniqueIdentifier>
    </Filter>
  </ItemGroup>
</Project>