<?xml version="1.0" encoding="utf-8"?>
<Project ToolsVersion="4.0" xmlns="http://schemas.microsoft.com/developer/msbuild/2003">
  <ItemGroup>
    <ClCompile Include="stdafx.cpp" />
    <ClCompile Include="file\FileInfo.cpp">
      <Filter>files</Filter>
    </ClCompile>
    <ClCompile Include="file\FileUtils.cpp">
      <Filter>files</Filter>
    </ClCompile>
    <ClCompile Include="utils\DateTimeUtils.cpp">
      <Filter>utils</Filter>
    </ClCompile>
    <ClCompile Include="utils\DlgGetFileName.cpp">
      <Filter>utils</Filter>
    </ClCompile>
    <ClCompile Include="utils\FormatSettings.cpp">
      <Filter>utils</Filter>
    </ClCompile>
    <ClCompile Include="utils\SHFolders.cpp">
      <Filter>utils</Filter>
    </ClCompile>
    <ClCompile Include="classes\LdString.cpp">
      <Filter>classes</Filter>
    </ClCompile>
    <ClCompile Include="classes\Thread.cpp">
      <Filter>classes</Filter>
    </ClCompile>
    <ClCompile Include="classes\DynObject.cpp">
      <Filter>classes</Filter>
    </ClCompile>
    <ClCompile Include="PulicRoutimes.cpp" />
    <ClCompile Include="classes\LdSocket.cpp">
      <Filter>classes</Filter>
    </ClCompile>
    <ClCompile Include="classes\ShareData.cpp">
      <Filter>classes</Filter>
    </ClCompile>
  </ItemGroup>
  <ItemGroup>
    <ClInclude Include="LdLib.h" />
    <ClInclude Include="stdafx.h" />
    <ClInclude Include="targetver.h" />
    <ClInclude Include="file\FileInfo.h">
      <Filter>files</Filter>
    </ClInclude>
    <ClInclude Include="file\FileUtils.h">
      <Filter>files</Filter>
    </ClInclude>
    <ClInclude Include="utils\DateTimeUtils.h">
      <Filter>utils</Filter>
    </ClInclude>
    <ClInclude Include="utils\DlgGetFileName.h">
      <Filter>utils</Filter>
    </ClInclude>
    <ClInclude Include="utils\FormatSettings.h">
      <Filter>utils</Filter>
    </ClInclude>
    <ClInclude Include="utils\SHFolders.h">
      <Filter>utils</Filter>
    </ClInclude>
    <ClInclude Include="classes\LdArray.h">
      <Filter>classes</Filter>
    </ClInclude>
    <ClInclude Include="classes\LdList.h">
      <Filter>classes</Filter>
    </ClInclude>
    <ClInclude Include="classes\LdMap.h">
      <Filter>classes</Filter>
    </ClInclude>
    <ClInclude Include="classes\LdString.h">
      <Filter>classes</Filter>
    </ClInclude>
    <ClInclude Include="classes\LdTree.h">
      <Filter>classes</Filter>
    </ClInclude>
    <ClInclude Include="classes\Thread.h">
      <Filter>classes</Filter>
    </ClInclude>
    <ClInclude Include="classes\DynObject.h">
      <Filter>classes</Filter>
    </ClInclude>
    <ClInclude Include="PublicRoutimes.h" />
    <ClInclude Include="classes\LdSocket.h">
      <Filter>classes</Filter>
    </ClInclude>
    <ClInclude Include="classes\ShareData.h">
      <Filter>classes</Filter>
    </ClInclude>
    <ClInclude Include="LdDelegate.h" />
    <ClInclude Include="LdErrorCode.h" />
  </ItemGroup>
  <ItemGroup>
    <Filter Include="files">
      <UniqueIdentifier>{3112c00b-5bdd-49ad-8319-61f1be2caf64}</UniqueIdentifier>
    </Filter>
    <Filter Include="utils">
      <UniqueIdentifier>{ee9693b2-74c6-4e59-941a-2bfb6330c538}</UniqueIdentifier>
    </Filter>
    <Filter Include="classes">
      <UniqueIdentifier>{98ff1b42-62d1-4062-9914-259d35faff37}</UniqueIdentifier>
    </Filter>
  </ItemGroup>
  <ItemGroup>
    <Text Include="ReadMe.txt" />
  </ItemGroup>
</Project>