
Microsoft Visual Studio Solution File, Format Version 11.00
# Visual Studio 2010
Project("{8BC9CEB8-8B4A-11D0-8D11-00A0C91BC942}") = "LdInvoker", "LdInvoker\LdInvoker.vcxproj", "{A5B6A18D-0E6A-41C0-BBED-C975AEB19161}"
EndProject
Project("{8BC9CEB8-8B4A-11D0-8D11-00A0C91BC942}") = "LdShellExtend", "LdShellExtend\LdShellExtend.vcxproj", "{7969E738-7CA6-4219-9923-0841066FC844}"
EndProject
Project("{8BC9CEB8-8B4A-11D0-8D11-00A0C91BC942}") = "LdShellExtendPS", "LdShellExtend\LdShellExtendPS.vcxproj", "{BA455777-3F93-4441-9150-DF436C87904B}"
	ProjectSection(ProjectDependencies) = postProject
		{7969E738-7CA6-4219-9923-0841066FC844} = {7969E738-7CA6-4219-9923-0841066FC844}
	EndProjectSection
EndProject
Project("{8BC9CEB8-8B4A-11D0-8D11-00A0C91BC942}") = "LbLib", "LbLib\LbLib.vcxproj", "{55055AB2-8705-4F35-B9FA-271C09C35A8C}"
EndProject
Project("{8BC9CEB8-8B4A-11D0-8D11-00A0C91BC942}") = "LdFileSearch", "LdFileSearch\LdFileSearch.vcxproj", "{4D6A02B5-C261-4D39-8055-C225C6ED5E77}"
EndProject
Project("{8BC9CEB8-8B4A-11D0-8D11-00A0C91BC942}") = "FileIndexLib", "FileIndexLib\FileIndexLib.vcxproj", "{B448F5F6-9AFA-46E8-9FA8-30C54FCA5E39}"
EndProject
Project("{8BC9CEB8-8B4A-11D0-8D11-00A0C91BC942}") = "LdFileProtect", "LdFileProtect\LdFileProtect.vcxproj", "{8BC83C4B-384A-4C76-A2FB-EC013E9F422D}"
EndProject
Global
	GlobalSection(SolutionConfigurationPlatforms) = preSolution
		Debug|Win32 = Debug|Win32
		Debug|x64 = Debug|x64
		Release|Win32 = Release|Win32
		Release|x64 = Release|x64
	EndGlobalSection
	GlobalSection(ProjectConfigurationPlatforms) = postSolution
		{A5B6A18D-0E6A-41C0-BBED-C975AEB19161}.Debug|Win32.ActiveCfg = Debug|Win32
		{A5B6A18D-0E6A-41C0-BBED-C975AEB19161}.Debug|Win32.Build.0 = Debug|Win32
		{A5B6A18D-0E6A-41C0-BBED-C975AEB19161}.Debug|x64.ActiveCfg = Debug|x64
		{A5B6A18D-0E6A-41C0-BBED-C975AEB19161}.Debug|x64.Build.0 = Debug|x64
		{A5B6A18D-0E6A-41C0-BBED-C975AEB19161}.Release|Win32.ActiveCfg = Release|Win32
		{A5B6A18D-0E6A-41C0-BBED-C975AEB19161}.Release|Win32.Build.0 = Release|Win32
		{A5B6A18D-0E6A-41C0-BBED-C975AEB19161}.Release|x64.ActiveCfg = Release|x64
		{A5B6A18D-0E6A-41C0-BBED-C975AEB19161}.Release|x64.Build.0 = Release|x64
		{7969E738-7CA6-4219-9923-0841066FC844}.Debug|Win32.ActiveCfg = Debug|Win32
		{7969E738-7CA6-4219-9923-0841066FC844}.Debug|Win32.Build.0 = Debug|Win32
		{7969E738-7CA6-4219-9923-0841066FC844}.Debug|x64.ActiveCfg = Debug|x64
		{7969E738-7CA6-4219-9923-0841066FC844}.Debug|x64.Build.0 = Debug|x64
		{7969E738-7CA6-4219-9923-0841066FC844}.Release|Win32.ActiveCfg = Release|Win32
		{7969E738-7CA6-4219-9923-0841066FC844}.Release|Win32.Build.0 = Release|Win32
		{7969E738-7CA6-4219-9923-0841066FC844}.Release|x64.ActiveCfg = Release|x64
		{7969E738-7CA6-4219-9923-0841066FC844}.Release|x64.Build.0 = Release|x64
		{BA455777-3F93-4441-9150-DF436C87904B}.Debug|Win32.ActiveCfg = Debug|Win32
		{BA455777-3F93-4441-9150-DF436C87904B}.Debug|x64.ActiveCfg = Debug|x64
		{BA455777-3F93-4441-9150-DF436C87904B}.Release|Win32.ActiveCfg = Release|Win32
		{BA455777-3F93-4441-9150-DF436C87904B}.Release|x64.ActiveCfg = Release|x64
		{55055AB2-8705-4F35-B9FA-271C09C35A8C}.Debug|Win32.ActiveCfg = Debug|Win32
		{55055AB2-8705-4F35-B9FA-271C09C35A8C}.Debug|Win32.Build.0 = Debug|Win32
		{55055AB2-8705-4F35-B9FA-271C09C35A8C}.Debug|x64.ActiveCfg = Debug|Win32
		{55055AB2-8705-4F35-B9FA-271C09C35A8C}.Release|Win32.ActiveCfg = Release|Win32
		{55055AB2-8705-4F35-B9FA-271C09C35A8C}.Release|Win32.Build.0 = Release|Win32
		{55055AB2-8705-4F35-B9FA-271C09C35A8C}.Release|x64.ActiveCfg = Release|Win32
		{4D6A02B5-C261-4D39-8055-C225C6ED5E77}.Debug|Win32.ActiveCfg = Debug|Win32
		{4D6A02B5-C261-4D39-8055-C225C6ED5E77}.Debug|Win32.Build.0 = Debug|Win32
		{4D6A02B5-C261-4D39-8055-C225C6ED5E77}.Debug|x64.ActiveCfg = Debug|Win32
		{4D6A02B5-C261-4D39-8055-C225C6ED5E77}.Release|Win32.ActiveCfg = Release|Win32
		{4D6A02B5-C261-4D39-8055-C225C6ED5E77}.Release|Win32.Build.0 = Release|Win32
		{4D6A02B5-C261-4D39-8055-C225C6ED5E77}.Release|x64.ActiveCfg = Release|Win32
		{B448F5F6-9AFA-46E8-9FA8-30C54FCA5E39}.Debug|Win32.ActiveCfg = Debug|Win32
		{B448F5F6-9AFA-46E8-9FA8-30C54FCA5E39}.Debug|Win32.Build.0 = Debug|Win32
		{B448F5F6-9AFA-46E8-9FA8-30C54FCA5E39}.Debug|x64.ActiveCfg = Debug|Win32
		{B448F5F6-9AFA-46E8-9FA8-30C54FCA5E39}.Release|Win32.ActiveCfg = Release|Win32
		{B448F5F6-9AFA-46E8-9FA8-30C54FCA5E39}.Release|Win32.Build.0 = Release|Win32
		{B448F5F6-9AFA-46E8-9FA8-30C54FCA5E39}.Release|x64.ActiveCfg = Release|Win32
		{8BC83C4B-384A-4C76-A2FB-EC013E9F422D}.Debug|Win32.ActiveCfg = Debug|Win32
		{8BC83C4B-384A-4C76-A2FB-EC013E9F422D}.Debug|Win32.Build.0 = Debug|Win32
		{8BC83C4B-384A-4C76-A2FB-EC013E9F422D}.Debug|x64.ActiveCfg = Debug|Win32
		{8BC83C4B-384A-4C76-A2FB-EC013E9F422D}.Release|Win32.ActiveCfg = Release|Win32
		{8BC83C4B-384A-4C76-A2FB-EC013E9F422D}.Release|Win32.Build.0 = Release|Win32
		{8BC83C4B-384A-4C76-A2FB-EC013E9F422D}.Release|x64.ActiveCfg = Release|Win32
	EndGlobalSection
	GlobalSection(SolutionProperties) = preSolution
		HideSolutionNode = FALSE
	EndGlobalSection
EndGlobal
