<?xml version="1.0" encoding="utf-8"?>
<Project ToolsVersion="4.0" xmlns="http://schemas.microsoft.com/developer/msbuild/2003">
  <ItemGroup>
    <Filter Include="源文件">
      <UniqueIdentifier>{4FC737F1-C7A5-4376-A066-2A32D752A2FF}</UniqueIdentifier>
      <Extensions>cpp;c;cc;cxx;def;odl;idl;hpj;bat;asm;asmx</Extensions>
    </Filter>
    <Filter Include="头文件">
      <UniqueIdentifier>{93995380-89BD-4b04-88EB-625FBE52EBFB}</UniqueIdentifier>
      <Extensions>h;hh;hpp;hxx;hm;inl;inc;xsd</Extensions>
    </Filter>
    <Filter Include="资源文件">
      <UniqueIdentifier>{67DA6AB6-F800-4c08-8B7A-83BB121AAD01}</UniqueIdentifier>
      <Extensions>rc;ico;cur;bmp;dlg;rc2;rct;bin;rgs;gif;jpg;jpeg;jpe;resx;tiff;tif;png;wav;mfcribbon-ms</Extensions>
    </Filter>
    <Filter Include="功能">
      <UniqueIdentifier>{28538625-8d94-457f-991b-44aca6f0c619}</UniqueIdentifier>
    </Filter>
    <Filter Include="UI">
      <UniqueIdentifier>{70049fda-4eaa-4428-97c2-0a4ac444027c}</UniqueIdentifier>
    </Filter>
    <Filter Include="IPC">
      <UniqueIdentifier>{bb8abefb-662b-441d-9444-ce739aa15d10}</UniqueIdentifier>
    </Filter>
  </ItemGroup>
  <ItemGroup>
    <Text Include="ReadMe.txt" />
  </ItemGroup>
  <ItemGroup>
    <ClCompile Include="eraser\EraseTest.cpp">
      <Filter>功能</Filter>
    </ClCompile>
    <ClCompile Include="eraser\Erasure.cpp">
      <Filter>功能</Filter>
    </ClCompile>
    <ClCompile Include="eraser\ErasureMethod.cpp">
      <Filter>功能</Filter>
    </ClCompile>
    <ClCompile Include="eraser\ErasureThread.cpp">
      <Filter>功能</Filter>
    </ClCompile>
    <ClCompile Include="ErasureUI\ErasureFileUI.cpp">
      <Filter>UI</Filter>
    </ClCompile>
    <ClCompile Include="ErasureUI\ErasureMainWnd.cpp">
      <Filter>UI</Filter>
    </ClCompile>
    <ClCompile Include="ErasureUI\ErasureOptions.cpp">
      <Filter>UI</Filter>
    </ClCompile>
    <ClCompile Include="ErasureUI\ErasureRecycleUI.cpp">
      <Filter>UI</Filter>
    </ClCompile>
    <ClCompile Include="ErasureUI\ErasureVolumeUI.cpp">
      <Filter>UI</Filter>
    </ClCompile>
    <ClCompile Include="ErasureUI\ShFileView.cpp">
      <Filter>UI</Filter>
    </ClCompile>
    <ClCompile Include="ErasureImpl.cpp">
      <Filter>源文件</Filter>
    </ClCompile>
    <ClCompile Include="stdafx.cpp">
      <Filter>源文件</Filter>
    </ClCompile>
    <ClCompile Include="..\dllmain.cpp">
      <Filter>源文件</Filter>
    </ClCompile>
    <ClCompile Include="IPC\FileEraserComm.cpp">
      <Filter>IPC</Filter>
    </ClCompile>
    <ClCompile Include="IPC\LdCommunication.cpp">
      <Filter>IPC</Filter>
    </ClCompile>
  </ItemGroup>
  <ItemGroup>
    <ClInclude Include="eraser\EraseTest.h">
      <Filter>功能</Filter>
    </ClInclude>
    <ClInclude Include="eraser\Erasure.h">
      <Filter>功能</Filter>
    </ClInclude>
    <ClInclude Include="eraser\ErasureMethod.h">
      <Filter>功能</Filter>
    </ClInclude>
    <ClInclude Include="eraser\ErasureThread.h">
      <Filter>功能</Filter>
    </ClInclude>
    <ClInclude Include="ErasureUI\EraserUI.h">
      <Filter>UI</Filter>
    </ClInclude>
    <ClInclude Include="ErasureUI\ErasureFileUI.h">
      <Filter>UI</Filter>
    </ClInclude>
    <ClInclude Include="ErasureUI\ErasureMainWnd.h">
      <Filter>UI</Filter>
    </ClInclude>
    <ClInclude Include="ErasureUI\ErasureOptions.h">
      <Filter>UI</Filter>
    </ClInclude>
    <ClInclude Include="ErasureUI\ErasureRecycleUI.h">
      <Filter>UI</Filter>
    </ClInclude>
    <ClInclude Include="ErasureUI\ErasureVolumeUI.h">
      <Filter>UI</Filter>
    </ClInclude>
    <ClInclude Include="ErasureUI\ShFileView.h">
      <Filter>UI</Filter>
    </ClInclude>
    <ClInclude Include="ErasureImpl.h">
      <Filter>头文件</Filter>
    </ClInclude>
    <ClInclude Include="stdafx.h">
      <Filter>头文件</Filter>
    </ClInclude>
    <ClInclude Include="targetver.h">
      <Filter>头文件</Filter>
    </ClInclude>
    <ClInclude Include="..\plugin.h">
      <Filter>头文件</Filter>
    </ClInclude>
    <ClInclude Include="define.h">
      <Filter>头文件</Filter>
    </ClInclude>
    <ClInclude Include="IPC\FileEraserComm.h">
      <Filter>IPC</Filter>
    </ClInclude>
    <ClInclude Include="IPC\LdCommunication.h">
      <Filter>IPC</Filter>
    </ClInclude>
  </ItemGroup>
</Project>