<?xml version="1.0" encoding="utf-8"?>
<Project ToolsVersion="4.0" xmlns="http://schemas.microsoft.com/developer/msbuild/2003">
  <ItemGroup>
    <Filter Include="源文件">
      <UniqueIdentifier>{4FC737F1-C7A5-4376-A066-2A32D752A2FF}</UniqueIdentifier>
      <Extensions>cpp;c;cc;cxx;def;odl;idl;hpj;bat;asm;asmx</Extensions>
    </Filter>
    <Filter Include="头文件">
      <UniqueIdentifier>{93995380-89BD-4b04-88EB-625FBE52EBFB}</UniqueIdentifier>
      <Extensions>h;hpp;hxx;hm;inl;inc;xsd</Extensions>
    </Filter>
    <Filter Include="资源文件">
      <UniqueIdentifier>{67DA6AB6-F800-4c08-8B7A-83BB121AAD01}</UniqueIdentifier>
      <Extensions>rc;ico;cur;bmp;dlg;rc2;rct;bin;rgs;gif;jpg;jpeg;jpe;resx;tiff;tif;png;wav;mfcribbon-ms</Extensions>
    </Filter>
    <Filter Include="Utils">
      <UniqueIdentifier>{0e6ef4e0-478c-4b6a-8567-30f854f8af9e}</UniqueIdentifier>
    </Filter>
    <Filter Include="Impl">
      <UniqueIdentifier>{77a0c5ff-65f0-4401-8592-95e69e10179a}</UniqueIdentifier>
    </Filter>
  </ItemGroup>
  <ItemGroup>
    <ClCompile Include="test.cpp">
      <Filter>源文件</Filter>
    </ClCompile>
    <ClCompile Include="MD5.cpp">
      <Filter>Utils</Filter>
    </ClCompile>
    <ClCompile Include="dllmain.cpp">
      <Filter>源文件</Filter>
    </ClCompile>
    <ClCompile Include="stdafx.cpp">
      <Filter>源文件</Filter>
    </ClCompile>
    <ClCompile Include="Impl\CWJSLib.cpp">
      <Filter>Impl</Filter>
    </ClCompile>
    <ClCompile Include="Impl\WJMftFileImpl.cpp">
      <Filter>Impl</Filter>
    </ClCompile>
    <ClCompile Include="Impl\WJVolume.cpp">
      <Filter>Impl</Filter>
    </ClCompile>
    <ClCompile Include="Impl\WJMftReader.cpp">
      <Filter>Impl</Filter>
    </ClCompile>
    <ClCompile Include="Impl\WJMftIndexFile.cpp">
      <Filter>Impl</Filter>
    </ClCompile>
  </ItemGroup>
  <ItemGroup>
    <ClInclude Include="stdafx.h">
      <Filter>头文件</Filter>
    </ClInclude>
    <ClInclude Include="MD5.h">
      <Filter>Utils</Filter>
    </ClInclude>
    <ClInclude Include="WJDefines.h">
      <Filter>头文件</Filter>
    </ClInclude>
    <ClInclude Include="resource.h">
      <Filter>头文件</Filter>
    </ClInclude>
    <ClInclude Include="Impl\CWJSLib.h">
      <Filter>Impl</Filter>
    </ClInclude>
    <ClInclude Include="Impl\WJMftFileImpl.h">
      <Filter>Impl</Filter>
    </ClInclude>
    <ClInclude Include="Impl\WJVolume.h">
      <Filter>Impl</Filter>
    </ClInclude>
    <ClInclude Include="Impl\WJMftReader.h">
      <Filter>Impl</Filter>
    </ClInclude>
    <ClInclude Include="Impl\WJMftIndexFile.h">
      <Filter>Impl</Filter>
    </ClInclude>
  </ItemGroup>
  <ItemGroup>
    <None Include="DllExport.def">
      <Filter>源文件</Filter>
    </None>
  </ItemGroup>
  <ItemGroup>
    <ResourceCompile Include="WJSLib.rc">
      <Filter>资源文件</Filter>
    </ResourceCompile>
  </ItemGroup>
</Project>