<?xml version="1.0" encoding="utf-8"?>
<Project ToolsVersion="4.0" xmlns="http://schemas.microsoft.com/developer/msbuild/2003">
  <ItemGroup>
    <Filter Include="源文件">
      <UniqueIdentifier>{68159953-32ba-4e7a-9496-f0881f775fc9}</UniqueIdentifier>
    </Filter>
    <Filter Include="生成的文件">
      <UniqueIdentifier>{dd99f236-c831-4ccb-8848-02a0a9fc7400}</UniqueIdentifier>
      <SourceControlFiles>False</SourceControlFiles>
    </Filter>
  </ItemGroup>
  <ItemGroup>
    <None Include="LdShellExtendps.def" />
  </ItemGroup>
  <ItemGroup>
    <ClCompile Include="LdShellExtend_i.c">
      <Filter>生成的文件</Filter>
    </ClCompile>
    <ClCompile Include="LdShellExtend_p.c">
      <Filter>生成的文件</Filter>
    </ClCompile>
    <ClCompile Include="dlldata.c">
      <Filter>生成的文件</Filter>
    </ClCompile>
  </ItemGroup>
</Project>